<Solution>
  <Folder Name="/src/">
    <Project Path="src/MainWatcher.Core/MainWatcher.Core.csproj" />
    <Project Path="src/MainWatcher.Gate/MainWatcher.Gate.csproj" />
    <Project Path="src/MainWatcher.TestRunner/MainWatcher.TestRunner.csproj" />
    <Project Path="src/MainWatcher.Watcher/MainWatcher.Watcher.csproj" />
    <Project Path="src/MainWatcher.Worker/MainWatcher.Worker.csproj" />
  </Folder>
  <Folder Name="/tests/">
    <Project Path="tests/MainWatcher.Core.Tests/MainWatcher.Core.Tests.csproj" />
    <Project Path="tests/MainWatcher.Gate.Tests/MainWatcher.Gate.Tests.csproj" />
    <Project Path="tests/MainWatcher.TestRunner.Tests/MainWatcher.TestRunner.Tests.csproj" />
    <Project Path="tests/MainWatcher.Worker.Tests/MainWatcher.Worker.Tests.csproj" />
  </Folder>
</Solution>
